
Microsoft Visual Studio Solution File, Format Version 12.00
# Visual Studio 15
VisualStudioVersion = 15.0.28307.1738
MinimumVisualStudioVersion = 10.0.40219.1
Project("{FAE04EC0-301F-11D3-BF4B-00C04F79EFBC}") = "RegisterWebserver", "RegisterWebserver\RegisterWebserver.csproj", "{63A06833-D5F6-40D9-8611-6DAC7F3DC57E}"
EndProject
Global
	GlobalSection(SolutionConfigurationPlatforms) = preSolution
		Debug|Any CPU = Debug|Any CPU
		Release|Any CPU = Release|Any CPU
	EndGlobalSection
	GlobalSection(ProjectConfigurationPlatforms) = postSolution
		{63A06833-D5F6-40D9-8611-6DAC7F3DC57E}.Debug|Any CPU.ActiveCfg = Debug|Any CPU
		{63A06833-D5F6-40D9-8611-6DAC7F3DC57E}.Debug|Any CPU.Build.0 = Debug|Any CPU
		{63A06833-D5F6-40D9-8611-6DAC7F3DC57E}.Release|Any CPU.ActiveCfg = Release|Any CPU
		{63A06833-D5F6-40D9-8611-6DAC7F3DC57E}.Release|Any CPU.Build.0 = Release|Any CPU
	EndGlobalSection
	GlobalSection(SolutionProperties) = preSolution
		HideSolutionNode = FALSE
	EndGlobalSection
	GlobalSection(ExtensibilityGlobals) = postSolution
		SolutionGuid = {FD4864AE-2905-4799-A8A5-DFE888CA55A1}
	EndGlobalSection
EndGlobal
